
Microsoft Visual Studio Solution File, Format Version 12.00
# Visual Studio Version 16
VisualStudioVersion = 16.0.34601.136
MinimumVisualStudioVersion = 10.0.40219.1
Project("{FAE04EC0-301F-11D3-BF4B-00C04F79EFBC}") = "GleamBoutiqueProject", "GleamBoutiqueProject.csproj", "{65AEA44D-3BD7-4832-894C-949FFE9D91FB}"
EndProject
Global
	GlobalSection(SolutionConfigurationPlatforms) = preSolution
		Debug|Any CPU = Debug|Any CPU
		Release|Any CPU = Release|Any CPU
	EndGlobalSection
	GlobalSection(ProjectConfigurationPlatforms) = postSolution
		{65AEA44D-3BD7-4832-894C-949FFE9D91FB}.Debug|Any CPU.ActiveCfg = Debug|Any CPU
		{65AEA44D-3BD7-4832-894C-949FFE9D91FB}.Debug|Any CPU.Build.0 = Debug|Any CPU
		{65AEA44D-3BD7-4832-894C-949FFE9D91FB}.Release|Any CPU.ActiveCfg = Release|Any CPU
		{65AEA44D-3BD7-4832-894C-949FFE9D91FB}.Release|Any CPU.Build.0 = Release|Any CPU
	EndGlobalSection
	GlobalSection(SolutionProperties) = preSolution
		HideSolutionNode = FALSE
	EndGlobalSection
	GlobalSection(ExtensibilityGlobals) = postSolution
		SolutionGuid = {E352F06C-CE24-4042-AE35-2C7C2EB677F8}
	EndGlobalSection
EndGlobal
